// !$*UTF8*$!
{
	archiveVersion = 1;
	classes = {
	};
	objectVersion = 56;
	objects = {

/* Begin PBXBuildFile section */
		C83D2E4D29CA1D0C0037D09C /* AppDelegate.swift in Sources */ = {isa = PBXBuildFile; fileRef = C83D2E4C29CA1D0C0037D09C /* AppDelegate.swift */; };
		C83D2E4F29CA1D0C0037D09C /* SceneDelegate.swift in Sources */ = {isa = PBXBuildFile; fileRef = C83D2E4E29CA1D0C0037D09C /* SceneDelegate.swift */; };
		C83D2E5129CA1D0C0037D09C /* ViewController.swift in Sources */ = {isa = PBXBuildFile; fileRef = C83D2E5029CA1D0C0037D09C /* ViewController.swift */; };
		C83D2E5429CA1D0C0037D09C /* Main.storyboard in Resources */ = {isa = PBXBuildFile; fileRef = C83D2E5229CA1D0C0037D09C /* Main.storyboard */; };
		C83D2E5629CA1D0E0037D09C /* Assets.xcassets in Resources */ = {isa = PBXBuildFile; fileRef = C83D2E5529CA1D0E0037D09C /* Assets.xcassets */; };
		C83D2E5929CA1D0E0037D09C /* LaunchScreen.storyboard in Resources */ = {isa = PBXBuildFile; fileRef = C83D2E5729CA1D0E0037D09C /* LaunchScreen.storyboard */; };
		C83D2E6529CA1D6A0037D09C /* MainCollectionViewController.swift in Sources */ = {isa = PBXBuildFile; fileRef = C83D2E6429CA1D6A0037D09C /* MainCollectionViewController.swift */; };
		C83D2E6729CA1E4D0037D09C /* MainCollectionViewCell.swift in Sources */ = {isa = PBXBuildFile; fileRef = C83D2E6629CA1E4D0037D09C /* MainCollectionViewCell.swift */; };
/* End PBXBuildFile section */

/* Begin PBXFileReference section */
		C83D2E4929CA1D0C0037D09C /* HW33_3_2_Belikova.app */ = {isa = PBXFileReference; explicitFileType = wrapper.application; includeInIndex = 0; path = HW33_3_2_Belikova.app; sourceTree = BUILT_PRODUCTS_DIR; };
		C83D2E4C29CA1D0C0037D09C /* AppDelegate.swift */ = {isa = PBXFileReference; lastKnownFileType = sourcecode.swift; path = AppDelegate.swift; sourceTree = "<group>"; };
		C83D2E4E29CA1D0C0037D09C /* SceneDelegate.swift */ = {isa = PBXFileReference; lastKnownFileType = sourcecode.swift; path = SceneDelegate.swift; sourceTree = "<group>"; };
		C83D2E5029CA1D0C0037D09C /* ViewController.swift */ = {isa = PBXFileReference; lastKnownFileType = sourcecode.swift; path = ViewController.swift; sourceTree = "<group>"; };
		C83D2E5329CA1D0C0037D09C /* Base */ = {isa = PBXFileReference; lastKnownFileType = file.storyboard; name = Base; path = Base.lproj/Main.storyboard; sourceTree = "<group>"; };
		C83D2E5529CA1D0E0037D09C /* Assets.xcassets */ = {isa = PBXFileReference; lastKnownFileType = folder.assetcatalog; path = Assets.xcassets; sourceTree = "<group>"; };
		C83D2E5829CA1D0E0037D09C /* Base */ = {isa = PBXFileReference; lastKnownFileType = file.storyboard; name = Base; path = Base.lproj/LaunchScreen.storyboard; sourceTree = "<group>"; };
		C83D2E5A29CA1D0E0037D09C /* Info.plist */ = {isa = PBXFileReference; lastKnownFileType = text.plist.xml; path = Info.plist; sourceTree = "<group>"; };
		C83D2E6429CA1D6A0037D09C /* MainCollectionViewController.swift */ = {isa = PBXFileReference; lastKnownFileType = sourcecode.swift; path = MainCollectionViewController.swift; sourceTree = "<group>"; };
		C83D2E6629CA1E4D0037D09C /* MainCollectionViewCell.swift */ = {isa = PBXFileReference; lastKnownFileType = sourcecode.swift; path = MainCollectionViewCell.swift; sourceTree = "<group>"; };
/* End PBXFileReference section */

/* Begin PBXFrameworksBuildPhase section */
		C83D2E4629CA1D0C0037D09C /* Frameworks */ = {
			isa = PBXFrameworksBuildPhase;
			buildActionMask = 2147483647;
			files = (
			);
			runOnlyForDeploymentPostprocessing = 0;
		};
/* End PBXFrameworksBuildPhase section */

/* Begin PBXGroup section */
		C83D2E4029CA1D0C0037D09C = {
			isa = PBXGroup;
			children = (
				C83D2E4B29CA1D0C0037D09C /* HW33_3_2_Belikova */,
				C83D2E4A29CA1D0C0037D09C /* Products */,
			);
			sourceTree = "<group>";
		};
		C83D2E4A29CA1D0C0037D09C /* Products */ = {
			isa = PBXGroup;
			children = (
				C83D2E4929CA1D0C0037D09C /* HW33_3_2_Belikova.app */,
			);
			name = Products;
			sourceTree = "<group>";
		};
		C83D2E4B29CA1D0C0037D09C /* HW33_3_2_Belikova */ = {
			isa = PBXGroup;
			children = (
				C83D2E6329CA1D4E0037D09C /* Models */,
				C83D2E6229CA1D3F0037D09C /* App */,
				C83D2E6029CA1D230037D09C /* VIewControllers */,
				C83D2E6129CA1D300037D09C /* Storyboards */,
				C83D2E5529CA1D0E0037D09C /* Assets.xcassets */,
			);
			path = HW33_3_2_Belikova;
			sourceTree = "<group>";
		};
		C83D2E6029CA1D230037D09C /* VIewControllers */ = {
			isa = PBXGroup;
			children = (
				C83D2E5029CA1D0C0037D09C /* ViewController.swift */,
				C83D2E6429CA1D6A0037D09C /* MainCollectionViewController.swift */,
				C83D2E6629CA1E4D0037D09C /* MainCollectionViewCell.swift */,
			);
			path = VIewControllers;
			sourceTree = "<group>";
		};
		C83D2E6129CA1D300037D09C /* Storyboards */ = {
			isa = PBXGroup;
			children = (
				C83D2E5229CA1D0C0037D09C /* Main.storyboard */,
				C83D2E5729CA1D0E0037D09C /* LaunchScreen.storyboard */,
			);
			path = Storyboards;
			sourceTree = "<group>";
		};
		C83D2E6229CA1D3F0037D09C /* App */ = {
			isa = PBXGroup;
			children = (
				C83D2E4C29CA1D0C0037D09C /* AppDelegate.swift */,
				C83D2E4E29CA1D0C0037D09C /* SceneDelegate.swift */,
				C83D2E5A29CA1D0E0037D09C /* Info.plist */,
			);
			path = App;
			sourceTree = "<group>";
		};
		C83D2E6329CA1D4E0037D09C /* Models */ = {
			isa = PBXGroup;
			children = (
			);
			path = Models;
			sourceTree = "<group>";
		};
/* End PBXGroup section */

/* Begin PBXNativeTarget section */
		C83D2E4829CA1D0C0037D09C /* HW33_3_2_Belikova */ = {
			isa = PBXNativeTarget;
			buildConfigurationList = C83D2E5D29CA1D0E0037D09C /* Build configuration list for PBXNativeTarget "HW33_3_2_Belikova" */;
			buildPhases = (
				C83D2E4529CA1D0C0037D09C /* Sources */,
				C83D2E4629CA1D0C0037D09C /* Frameworks */,
				C83D2E4729CA1D0C0037D09C /* Resources */,
			);
			buildRules = (
			);
			dependencies = (
			);
			name = HW33_3_2_Belikova;
			productName = HW33_3_2_Belikova;
			productReference = C83D2E4929CA1D0C0037D09C /* HW33_3_2_Belikova.app */;
			productType = "com.apple.product-type.application";
		};
/* End PBXNativeTarget section */

/* Begin PBXProject section */
		C83D2E4129CA1D0C0037D09C /* Project object */ = {
			isa = PBXProject;
			attributes = {
				BuildIndependentTargetsInParallel = 1;
				LastSwiftUpdateCheck = 1420;
				LastUpgradeCheck = 1420;
				TargetAttributes = {
					C83D2E4829CA1D0C0037D09C = {
						CreatedOnToolsVersion = 14.2;
					};
				};
			};
			buildConfigurationList = C83D2E4429CA1D0C0037D09C /* Build configuration list for PBXProject "HW33_3_2_Belikova" */;
			compatibilityVersion = "Xcode 14.0";
			developmentRegion = en;
			hasScannedForEncodings = 0;
			knownRegions = (
				en,
				Base,
			);
			mainGroup = C83D2E4029CA1D0C0037D09C;
			productRefGroup = C83D2E4A29CA1D0C0037D09C /* Products */;
			projectDirPath = "";
			projectRoot = "";
			targets = (
				C83D2E4829CA1D0C0037D09C /* HW33_3_2_Belikova */,
			);
		};
/* End PBXProject section */

/* Begin PBXResourcesBuildPhase section */
		C83D2E4729CA1D0C0037D09C /* Resources */ = {
			isa = PBXResourcesBuildPhase;
			buildActionMask = 2147483647;
			files = (
				C83D2E5929CA1D0E0037D09C /* LaunchScreen.storyboard in Resources */,
				C83D2E5629CA1D0E0037D09C /* Assets.xcassets in Resources */,
				C83D2E5429CA1D0C0037D09C /* Main.storyboard in Resources */,
			);
			runOnlyForDeploymentPostprocessing = 0;
		};
/* End PBXResourcesBuildPhase section */

/* Begin PBXSourcesBuildPhase section */
		C83D2E4529CA1D0C0037D09C /* Sources */ = {
			isa = PBXSourcesBuildPhase;
			buildActionMask = 2147483647;
			files = (
				C83D2E5129CA1D0C0037D09C /* ViewController.swift in Sources */,
				C83D2E6529CA1D6A0037D09C /* MainCollectionViewController.swift in Sources */,
				C83D2E6729CA1E4D0037D09C /* MainCollectionViewCell.swift in Sources */,
				C83D2E4D29CA1D0C0037D09C /* AppDelegate.swift in Sources */,
				C83D2E4F29CA1D0C0037D09C /* SceneDelegate.swift in Sources */,
			);
			runOnlyForDeploymentPostprocessing = 0;
		};
/* End PBXSourcesBuildPhase section */

/* Begin PBXVariantGroup section */
		C83D2E5229CA1D0C0037D09C /* Main.storyboard */ = {
			isa = PBXVariantGroup;
			children = (
				C83D2E5329CA1D0C0037D09C /* Base */,
			);
			name = Main.storyboard;
			sourceTree = "<group>";
		};
		C83D2E5729CA1D0E0037D09C /* LaunchScreen.storyboard */ = {
			isa = PBXVariantGroup;
			children = (
				C83D2E5829CA1D0E0037D09C /* Base */,
			);
			name = LaunchScreen.storyboard;
			sourceTree = "<group>";
		};
/* End PBXVariantGroup section */

/* Begin XCBuildConfiguration section */
		C83D2E5B29CA1D0E0037D09C /* Debug */ = {
			isa = XCBuildConfiguration;
			buildSettings = {
				ALWAYS_SEARCH_USER_PATHS = NO;
				CLANG_ANALYZER_NONNULL = YES;
				CLANG_ANALYZER_NUMBER_OBJECT_CONVERSION = YES_AGGRESSIVE;
				CLANG_CXX_LANGUAGE_STANDARD = "gnu++20";
				CLANG_ENABLE_MODULES = YES;
				CLANG_ENABLE_OBJC_ARC = YES;
				CLANG_ENABLE_OBJC_WEAK = YES;
				CLANG_WARN_BLOCK_CAPTURE_AUTORELEASING = YES;
				CLANG_WARN_BOOL_CONVERSION = YES;
				CLANG_WARN_COMMA = YES;
				CLANG_WARN_CONSTANT_CONVERSION = YES;
				CLANG_WARN_DEPRECATED_OBJC_IMPLEMENTATIONS = YES;
				CLANG_WARN_DIRECT_OBJC_ISA_USAGE = YES_ERROR;
				CLANG_WARN_DOCUMENTATION_COMMENTS = YES;
				CLANG_WARN_EMPTY_BODY = YES;
				CLANG_WARN_ENUM_CONVERSION = YES;
				CLANG_WARN_INFINITE_RECURSION = YES;
				CLANG_WARN_INT_CONVERSION = YES;
				CLANG_WARN_NON_LITERAL_NULL_CONVERSION = YES;
				CLANG_WARN_OBJC_IMPLICIT_RETAIN_SELF = YES;
				CLANG_WARN_OBJC_LITERAL_CONVERSION = YES;
				CLANG_WARN_OBJC_ROOT_CLASS = YES_ERROR;
				CLANG_WARN_QUOTED_INCLUDE_IN_FRAMEWORK_HEADER = YES;
				CLANG_WARN_RANGE_LOOP_ANALYSIS = YES;
				CLANG_WARN_STRICT_PROTOTYPES = YES;
				CLANG_WARN_SUSPICIOUS_MOVE = YES;
				CLANG_WARN_UNGUARDED_AVAILABILITY = YES_AGGRESSIVE;
				CLANG_WARN_UNREACHABLE_CODE = YES;
				CLANG_WARN__DUPLICATE_METHOD_MATCH = YES;
				COPY_PHASE_STRIP = NO;
				DEBUG_INFORMATION_FORMAT = dwarf;
				ENABLE_STRICT_OBJC_MSGSEND = YES;
				ENABLE_TESTABILITY = YES;
				GCC_C_LANGUAGE_STANDARD = gnu11;
				GCC_DYNAMIC_NO_PIC = NO;
				GCC_NO_COMMON_BLOCKS = YES;
				GCC_OPTIMIZATION_LEVEL = 0;
				GCC_PREPROCESSOR_DEFINITIONS = (
					"DEBUG=1",
					"$(inherited)",
				);
				GCC_WARN_64_TO_32_BIT_CONVERSION = YES;
				GCC_WARN_ABOUT_RETURN_TYPE = YES_ERROR;
				GCC_WARN_UNDECLARED_SELECTOR = YES;
				GCC_WARN_UNINITIALIZED_AUTOS = YES_AGGRESSIVE;
				GCC_WARN_UNUSED_FUNCTION = YES;
				GCC_WARN_UNUSED_VARIABLE = YES;
				IPHONEOS_DEPLOYMENT_TARGET = 16.2;
				MTL_ENABLE_DEBUG_INFO = INCLUDE_SOURCE;
				MTL_FAST_MATH = YES;
				ONLY_ACTIVE_ARCH = YES;
				SDKROOT = iphoneos;
				SWIFT_ACTIVE_COMPILATION_CONDITIONS = DEBUG;
				SWIFT_OPTIMIZATION_LEVEL = "-Onone";
			};
			name = Debug;
		};
		C83D2E5C29CA1D0E0037D09C /* Release */ = {
			isa = XCBuildConfiguration;
			buildSettings = {
				ALWAYS_SEARCH_USER_PATHS = NO;
				CLANG_ANALYZER_NONNULL = YES;
				CLANG_ANALYZER_NUMBER_OBJECT_CONVERSION = YES_AGGRESSIVE;
				CLANG_CXX_LANGUAGE_STANDARD = "gnu++20";
				CLANG_ENABLE_MODULES = YES;
				CLANG_ENABLE_OBJC_ARC = YES;
				CLANG_ENABLE_OBJC_WEAK = YES;
				CLANG_WARN_BLOCK_CAPTURE_AUTORELEASING = YES;
				CLANG_WARN_BOOL_CONVERSION = YES;
				CLANG_WARN_COMMA = YES;
				CLANG_WARN_CONSTANT_CONVERSION = YES;
				CLANG_WARN_DEPRECATED_OBJC_IMPLEMENTATIONS = YES;
				CLANG_WARN_DIRECT_OBJC_ISA_USAGE = YES_ERROR;
				CLANG_WARN_DOCUMENTATION_COMMENTS = YES;
				CLANG_WARN_EMPTY_BODY = YES;
				CLANG_WARN_ENUM_CONVERSION = YES;
				CLANG_WARN_INFINITE_RECURSION = YES;
				CLANG_WARN_INT_CONVERSION = YES;
				CLANG_WARN_NON_LITERAL_NULL_CONVERSION = YES;
				CLANG_WARN_OBJC_IMPLICIT_RETAIN_SELF = YES;
				CLANG_WARN_OBJC_LITERAL_CONVERSION = YES;
				CLANG_WARN_OBJC_ROOT_CLASS = YES_ERROR;
				CLANG_WARN_QUOTED_INCLUDE_IN_FRAMEWORK_HEADER = YES;
				CLANG_WARN_RANGE_LOOP_ANALYSIS = YES;
				CLANG_WARN_STRICT_PROTOTYPES = YES;
				CLANG_WARN_SUSPICIOUS_MOVE = YES;
				CLANG_WARN_UNGUARDED_AVAILABILITY = YES_AGGRESSIVE;
				CLANG_WARN_UNREACHABLE_CODE = YES;
				CLANG_WARN__DUPLICATE_METHOD_MATCH = YES;
				COPY_PHASE_STRIP = NO;
				DEBUG_INFORMATION_FORMAT = "dwarf-with-dsym";
				ENABLE_NS_ASSERTIONS = NO;
				ENABLE_STRICT_OBJC_MSGSEND = YES;
				GCC_C_LANGUAGE_STANDARD = gnu11;
				GCC_NO_COMMON_BLOCKS = YES;
				GCC_WARN_64_TO_32_BIT_CONVERSION = YES;
				GCC_WARN_ABOUT_RETURN_TYPE = YES_ERROR;
				GCC_WARN_UNDECLARED_SELECTOR = YES;
				GCC_WARN_UNINITIALIZED_AUTOS = YES_AGGRESSIVE;
				GCC_WARN_UNUSED_FUNCTION = YES;
				GCC_WARN_UNUSED_VARIABLE = YES;
				IPHONEOS_DEPLOYMENT_TARGET = 16.2;
				MTL_ENABLE_DEBUG_INFO = NO;
				MTL_FAST_MATH = YES;
				SDKROOT = iphoneos;
				SWIFT_COMPILATION_MODE = wholemodule;
				SWIFT_OPTIMIZATION_LEVEL = "-O";
				VALIDATE_PRODUCT = YES;
			};
			name = Release;
		};
		C83D2E5E29CA1D0E0037D09C /* Debug */ = {
			isa = XCBuildConfiguration;
			buildSettings = {
				ASSETCATALOG_COMPILER_APPICON_NAME = AppIcon;
				ASSETCATALOG_COMPILER_GLOBAL_ACCENT_COLOR_NAME = AccentColor;
				CODE_SIGN_STYLE = Automatic;
				CURRENT_PROJECT_VERSION = 1;
				DEVELOPMENT_TEAM = 3ZU3FM55GA;
				GENERATE_INFOPLIST_FILE = YES;
				INFOPLIST_FILE = HW33_3_2_Belikova/Info.plist;
				INFOPLIST_KEY_UIApplicationSupportsIndirectInputEvents = YES;
				INFOPLIST_KEY_UILaunchStoryboardName = LaunchScreen;
				INFOPLIST_KEY_UIMainStoryboardFile = Main;
				INFOPLIST_KEY_UISupportedInterfaceOrientations_iPad = "UIInterfaceOrientationPortrait UIInterfaceOrientationPortraitUpsideDown UIInterfaceOrientationLandscapeLeft UIInterfaceOrientationLandscapeRight";
				INFOPLIST_KEY_UISupportedInterfaceOrientations_iPhone = "UIInterfaceOrientationPortrait UIInterfaceOrientationLandscapeLeft UIInterfaceOrientationLandscapeRight";
				LD_RUNPATH_SEARCH_PATHS = (
					"$(inherited)",
					"@executable_path/Frameworks",
				);
				MARKETING_VERSION = 1.0;
				PRODUCT_BUNDLE_IDENTIFIER = "ru.swiftbook.HW33-3-2-Belikova";
				PRODUCT_NAME = "$(TARGET_NAME)";
				SWIFT_EMIT_LOC_STRINGS = YES;
				SWIFT_VERSION = 5.0;
				TARGETED_DEVICE_FAMILY = "1,2";
			};
			name = Debug;
		};
		C83D2E5F29CA1D0E0037D09C /* Release */ = {
			isa = XCBuildConfiguration;
			buildSettings = {
				ASSETCATALOG_COMPILER_APPICON_NAME = AppIcon;
				ASSETCATALOG_COMPILER_GLOBAL_ACCENT_COLOR_NAME = AccentColor;
				CODE_SIGN_STYLE = Automatic;
				CURRENT_PROJECT_VERSION = 1;
				DEVELOPMENT_TEAM = 3ZU3FM55GA;
				GENERATE_INFOPLIST_FILE = YES;
				INFOPLIST_FILE = HW33_3_2_Belikova/Info.plist;
				INFOPLIST_KEY_UIApplicationSupportsIndirectInputEvents = YES;
				INFOPLIST_KEY_UILaunchStoryboardName = LaunchScreen;
				INFOPLIST_KEY_UIMainStoryboardFile = Main;
				INFOPLIST_KEY_UISupportedInterfaceOrientations_iPad = "UIInterfaceOrientationPortrait UIInterfaceOrientationPortraitUpsideDown UIInterfaceOrientationLandscapeLeft UIInterfaceOrientationLandscapeRight";
				INFOPLIST_KEY_UISupportedInterfaceOrientations_iPhone = "UIInterfaceOrientationPortrait UIInterfaceOrientationLandscapeLeft UIInterfaceOrientationLandscapeRight";
				LD_RUNPATH_SEARCH_PATHS = (
					"$(inherited)",
					"@executable_path/Frameworks",
				);
				MARKETING_VERSION = 1.0;
				PRODUCT_BUNDLE_IDENTIFIER = "ru.swiftbook.HW33-3-2-Belikova";
				PRODUCT_NAME = "$(TARGET_NAME)";
				SWIFT_EMIT_LOC_STRINGS = YES;
				SWIFT_VERSION = 5.0;
				TARGETED_DEVICE_FAMILY = "1,2";
			};
			name = Release;
		};
/* End XCBuildConfiguration section */

/* Begin XCConfigurationList section */
		C83D2E4429CA1D0C0037D09C /* Build configuration list for PBXProject "HW33_3_2_Belikova" */ = {
			isa = XCConfigurationList;
			buildConfigurations = (
				C83D2E5B29CA1D0E0037D09C /* Debug */,
				C83D2E5C29CA1D0E0037D09C /* Release */,
			);
			defaultConfigurationIsVisible = 0;
			defaultConfigurationName = Release;
		};
		C83D2E5D29CA1D0E0037D09C /* Build configuration list for PBXNativeTarget "HW33_3_2_Belikova" */ = {
			isa = XCConfigurationList;
			buildConfigurations = (
				C83D2E5E29CA1D0E0037D09C /* Debug */,
				C83D2E5F29CA1D0E0037D09C /* Release */,
			);
			defaultConfigurationIsVisible = 0;
			defaultConfigurationName = Release;
		};
/* End XCConfigurationList section */
	};
	rootObject = C83D2E4129CA1D0C0037D09C /* Project object */;
}
